{
  "name": "cardllet",
  "version": "1.0.0",
  "lockfileVersion": 1,
  "requires": true,
  "dependencies": {
    "blueimp-md5": {
      "version": "2.11.0",
      "resolved": "https://registry.npmjs.org/blueimp-md5/-/blueimp-md5-2.11.0.tgz",
      "integrity": "sha512-xvA4mdnIevstCvNKTRLMOKi7L76U/X/CTs9Yz+PLWmWAC/7SuYi5Xv2J7bAhJnE2+LcLv+x4+0vusvKgM9LnZQ=="
    },
    "js-base64": {
      "version": "2.5.1",
      "resolved": "https://registry.npmjs.org/js-base64/-/js-base64-2.5.1.tgz",
      "integrity": "sha512-M7kLczedRMYX4L8Mdh4MzyAMM9O5osx+4FcOQuTvr3A9F2D9S5JXheN0ewNbrvK2UatkTRhL5ejGmGSjNMiZuw=="
    }
  }
}
